github.com/berachain/beacon-kit/mod/log v0.0.0-20240612175710-7d5f3e4f7041 h1:PopE3clwPH2ri4pbx5pAyCEF85quND5r9KUW2SWgqpg=
github.com/berachain/beacon-kit/mod/log v0.0.0-20240612175710-7d5f3e4f7041/go.mod h1:nFybcw/ZhJ6Gu66dna301W2I7u61skm2HfHxQmdR68Q=
github.com/berachain/beacon-kit/mod/primitives v0.0.0-20240612175710-7d5f3e4f7041 h1:YIuFHXHUvxPGAjavmxOsP+9BDIgCj9qpyd8dOyPD7YM=
github.com/berachain/beacon-kit/mod/primitives v0.0.0-20240612175710-7d5f3e4f7041/go.mod h1:05CtpJvaP1zcHqP5XHfVW106V4JpPAIeyo/+XeLJdS8=
