github.com/berachain/beacon-kit/mod/async v0.0.0-20240613054341-dafb67775a1e h1:C2WzHlIsQtYK+XshM1O/T0HEvFWafthXPGJM/rvpL+g=
github.com/berachain/beacon-kit/mod/async v0.0.0-20240613054341-dafb67775a1e/go.mod h1:ycwqumRG49gb8qg87cc6kVgPeiUDaFMajjLko54Ey+I=
github.com/berachain/beacon-kit/mod/log v0.0.0-20240612175710-7d5f3e4f7041 h1:PopE3clwPH2ri4pbx5pAyCEF85quND5r9KUW2SWgqpg=
github.com/berachain/beacon-kit/mod/log v0.0.0-20240612175710-7d5f3e4f7041/go.mod h1:nFybcw/ZhJ6Gu66dna301W2I7u61skm2HfHxQmdR68Q=
github.com/ethereum/go-ethereum v1.14.5 h1:szuFzO1MhJmweXjoM5nSAeDvjNUH3vIQoMzzQnfvjpw=
github.com/ethereum/go-ethereum v1.14.5/go.mod h1:VEDGGhSxY7IEjn98hJRFXl/uFvpRgbIIf2PpXiyGGgc=
