# THIS IS AN AUTOGENERATED FILE. DO NOT EDIT THIS FILE DIRECTLY.
# yarn lockfile v1


"@chainsafe/as-sha256@^0.3.1":
  version "0.3.1"
  resolved "https://registry.yarnpkg.com/@chainsafe/as-sha256/-/as-sha256-0.3.1.tgz#3639df0e1435cab03f4d9870cc3ac079e57a6fc9"
  integrity sha512-hldFFYuf49ed7DAakWVXSJODuq3pzJEguD8tQ7h+sGkM18vja+OFoJI9krnGmgzyuZC2ETX0NOIcCTy31v2Mtg==

"@chainsafe/as-sha256@^0.4.1":
  version "0.4.1"
  resolved "https://registry.yarnpkg.com/@chainsafe/as-sha256/-/as-sha256-0.4.1.tgz#cfc0737e25f8c206767bdb6703e7943e5d44513e"
  integrity sha512-IqeeGwQihK6Y2EYLFofqs2eY2ep1I2MvQXHzOAI+5iQN51OZlUkrLgyAugu2x86xZewDk5xas7lNczkzFzF62w==

"@chainsafe/persistent-merkle-tree@^0.5.0":
  version "0.5.0"
  resolved "https://registry.yarnpkg.com/@chainsafe/persistent-merkle-tree/-/persistent-merkle-tree-0.5.0.tgz#2b4a62c9489a5739dedd197250d8d2f5427e9f63"
  integrity sha512-l0V1b5clxA3iwQLXP40zYjyZYospQLZXzBVIhhr9kDg/1qHZfzzHw0jj4VPBijfYCArZDlPkRi1wZaV2POKeuw==
  dependencies:
    "@chainsafe/as-sha256" "^0.3.1"

"@chainsafe/persistent-merkle-tree@^0.6.1":
  version "0.6.1"
  resolved "https://registry.yarnpkg.com/@chainsafe/persistent-merkle-tree/-/persistent-merkle-tree-0.6.1.tgz#37bde25cf6cbe1660ad84311aa73157dc86ec7f2"
  integrity sha512-gcENLemRR13+1MED2NeZBMA7FRS0xQPM7L2vhMqvKkjqtFT4YfjSVADq5U0iLuQLhFUJEMVuA8fbv5v+TN6O9A==
  dependencies:
    "@chainsafe/as-sha256" "^0.4.1"
    "@noble/hashes" "^1.3.0"

"@chainsafe/ssz@^0.10.2":
  version "0.10.2"
  resolved "https://registry.yarnpkg.com/@chainsafe/ssz/-/ssz-0.10.2.tgz#c782929e1bb25fec66ba72e75934b31fd087579e"
  integrity sha512-/NL3Lh8K+0q7A3LsiFq09YXS9fPE+ead2rr7vM2QK8PLzrNsw3uqrif9bpRX5UxgeRjM+vYi+boCM3+GM4ovXg==
  dependencies:
    "@chainsafe/as-sha256" "^0.3.1"
    "@chainsafe/persistent-merkle-tree" "^0.5.0"

"@chainsafe/ssz@^0.11.1":
  version "0.11.1"
  resolved "https://registry.yarnpkg.com/@chainsafe/ssz/-/ssz-0.11.1.tgz#d4aec883af2ec5196ae67b96242c467da20b2476"
  integrity sha512-cB8dBkgGN6ZoeOKuk+rIRHKN0L5i9JLGeC0Lui71QX0TuLcQKwgbfkUexpyJxnGFatWf8yeJxlOjozMn/OTP0g==
  dependencies:
    "@chainsafe/as-sha256" "^0.4.1"
    "@chainsafe/persistent-merkle-tree" "^0.6.1"

"@lodestar/api@^1.11.0":
  version "1.11.0"
  resolved "https://registry.yarnpkg.com/@lodestar/api/-/api-1.11.0.tgz#93334158e976cf9018031bc4a543208358c393d4"
  integrity sha512-nAfMQv8mqsYTZOpLIOtv56Uvkp+W4hOcfVPS9LgdTFeVTBzZ3FeXivf1yYbcc5TpndgSKNtJ+M2E+ZLz8JOdFQ==
  dependencies:
    "@chainsafe/persistent-merkle-tree" "^0.5.0"
    "@chainsafe/ssz" "^0.10.2"
    "@lodestar/config" "^1.11.0"
    "@lodestar/params" "^1.11.0"
    "@lodestar/types" "^1.11.0"
    "@lodestar/utils" "^1.11.0"
    eventsource "^2.0.2"
    qs "^6.11.1"

"@lodestar/config@^1.11.0":
  version "1.11.0"
  resolved "https://registry.yarnpkg.com/@lodestar/config/-/config-1.11.0.tgz#776b720df8b093647f8f9979d87159d1f2c7c40f"
  integrity sha512-BWR9c/QCfXO+R7BGHXd4HkQy2gWOoCNy7oPfEFf0AKCGZYNhYMfbw7NRkmADXOjxUjoPdKtyJv70psDKoG5PNA==
  dependencies:
    "@chainsafe/ssz" "^0.10.2"
    "@lodestar/params" "^1.11.0"
    "@lodestar/types" "^1.11.0"

"@lodestar/params@^1.11.0":
  version "1.11.0"
  resolved "https://registry.yarnpkg.com/@lodestar/params/-/params-1.11.0.tgz#3a6728c333a7b1a3cf5e79bfd6e3d3a68925dbc5"
  integrity sha512-wRTjuZ9K3JCkXRpTktmodASb/Kpejcrij4HPZU7ihRaQ6k6hgKHLCGW0DLDw/YSpQM30i1l0sY7McanOyEEOzg==

"@lodestar/types@^1.11.0":
  version "1.11.0"
  resolved "https://registry.yarnpkg.com/@lodestar/types/-/types-1.11.0.tgz#8550f82254ac3665bbee5847b3750cfea9b00ca4"
  integrity sha512-s+25b0ZeL5d9fXra991+NMwo8+VlYbDG2qiAc7YN890V2PjL376xYC3GgKYc1Yz7yG+VYWQRrnXK7jxoiHepkA==
  dependencies:
    "@chainsafe/ssz" "^0.10.2"
    "@lodestar/params" "^1.11.0"

"@lodestar/utils@^1.11.0":
  version "1.11.0"
  resolved "https://registry.yarnpkg.com/@lodestar/utils/-/utils-1.11.0.tgz#9708de0ebc7fdae70f2808385cb395f5805f4e03"
  integrity sha512-0A89UTCcr/Ysz02vhPyE+Ds1P1GoSOAsfh+UK7qA1Jg6T/ywKOTH528+5fSuZ8Il2XGBPMe60Nwt4fq5QEFb+A==
  dependencies:
    "@chainsafe/as-sha256" "^0.3.1"
    any-signal "3.0.1"
    bigint-buffer "^1.1.5"
    case "^1.6.3"
    chalk "^5.2.0"
    js-yaml "^4.1.0"

"@noble/hashes@^1.3.0":
  version "1.3.2"
  resolved "https://registry.yarnpkg.com/@noble/hashes/-/hashes-1.3.2.tgz#6f26dbc8fbc7205873ce3cee2f690eba0d421b39"
  integrity sha512-MVC8EAQp7MvEcm30KWENFjgR+Mkmf+D189XJTkFIlwohU5hcBbn1ZkKq7KVTi2Hme3PMGF390DaL52beVrIihQ==

any-signal@3.0.1:
  version "3.0.1"
  resolved "https://registry.yarnpkg.com/any-signal/-/any-signal-3.0.1.tgz#49cae34368187a3472e31de28fb5cb1430caa9a6"
  integrity sha512-xgZgJtKEa9YmDqXodIgl7Fl1C8yNXr8w6gXjqK3LW4GcEiYT+6AQfJSE/8SPsEpLLmcvbv8YU+qet94UewHxqg==

argparse@^2.0.1:
  version "2.0.1"
  resolved "https://registry.yarnpkg.com/argparse/-/argparse-2.0.1.tgz#246f50f3ca78a3240f6c997e8a9bd1eac49e4b38"
  integrity sha512-8+9WqebbFzpX9OR+Wa6O29asIogeRMzcGtAINdpMHHyAg10f05aSFVBbcEqGf/PXw1EjAZ+q2/bEBg3DvurK3Q==

bigint-buffer@^1.1.5:
  version "1.1.5"
  resolved "https://registry.yarnpkg.com/bigint-buffer/-/bigint-buffer-1.1.5.tgz#d038f31c8e4534c1f8d0015209bf34b4fa6dd442"
  integrity sha512-trfYco6AoZ+rKhKnxA0hgX0HAbVP/s808/EuDSe2JDzUnCp/xAsli35Orvk67UrTEcwuxZqYZDmfA2RXJgxVvA==
  dependencies:
    bindings "^1.3.0"

bindings@^1.3.0:
  version "1.5.0"
  resolved "https://registry.yarnpkg.com/bindings/-/bindings-1.5.0.tgz#10353c9e945334bc0511a6d90b38fbc7c9c504df"
  integrity sha512-p2q/t/mhvuOj/UeLlV6566GD/guowlr0hHxClI0W9m7MWYkL1F0hLo+0Aexs9HSPCtR1SXQ0TD3MMKrXZajbiQ==
  dependencies:
    file-uri-to-path "1.0.0"

call-bind@^1.0.0:
  version "1.0.2"
  resolved "https://registry.yarnpkg.com/call-bind/-/call-bind-1.0.2.tgz#b1d4e89e688119c3c9a903ad30abb2f6a919be3c"
  integrity sha512-7O+FbCihrB5WGbFYesctwmTKae6rOiIzmz1icreWJ+0aA7LJfuqhEso2T9ncpcFtzMQtzXf2QGGueWJGTYsqrA==
  dependencies:
    function-bind "^1.1.1"
    get-intrinsic "^1.0.2"

case@^1.6.3:
  version "1.6.3"
  resolved "https://registry.yarnpkg.com/case/-/case-1.6.3.tgz#0a4386e3e9825351ca2e6216c60467ff5f1ea1c9"
  integrity sha512-mzDSXIPaFwVDvZAHqZ9VlbyF4yyXRuX6IvB06WvPYkqJVO24kX1PPhv9bfpKNFZyxYFmmgo03HUiD8iklmJYRQ==

chalk@^5.2.0:
  version "5.3.0"
  resolved "https://registry.yarnpkg.com/chalk/-/chalk-5.3.0.tgz#67c20a7ebef70e7f3970a01f90fa210cb6860385"
  integrity sha512-dLitG79d+GV1Nb/VYcCDFivJeK1hiukt9QjRNVOsUtTy1rR1YJsmpGGTZ3qJos+uw7WmWF4wUwBd9jxjocFC2w==

eventsource@^2.0.2:
  version "2.0.2"
  resolved "https://registry.yarnpkg.com/eventsource/-/eventsource-2.0.2.tgz#76dfcc02930fb2ff339520b6d290da573a9e8508"
  integrity sha512-IzUmBGPR3+oUG9dUeXynyNmf91/3zUSJg1lCktzKw47OXuhco54U3r9B7O4XX+Rb1Itm9OZ2b0RkTs10bICOxA==

file-uri-to-path@1.0.0:
  version "1.0.0"
  resolved "https://registry.yarnpkg.com/file-uri-to-path/-/file-uri-to-path-1.0.0.tgz#553a7b8446ff6f684359c445f1e37a05dacc33dd"
  integrity sha512-0Zt+s3L7Vf1biwWZ29aARiVYLx7iMGnEUl9x33fbB/j3jR81u/O2LbqK+Bm1CDSNDKVtJ/YjwY7TUd5SkeLQLw==

function-bind@^1.1.1:
  version "1.1.1"
  resolved "https://registry.yarnpkg.com/function-bind/-/function-bind-1.1.1.tgz#a56899d3ea3c9bab874bb9773b7c5ede92f4895d"
  integrity sha512-yIovAzMX49sF8Yl58fSCWJ5svSLuaibPxXQJFLmBObTuCr0Mf1KiPopGM9NiFjiYBCbfaa2Fh6breQ6ANVTI0A==

get-intrinsic@^1.0.2:
  version "1.2.1"
  resolved "https://registry.yarnpkg.com/get-intrinsic/-/get-intrinsic-1.2.1.tgz#d295644fed4505fc9cde952c37ee12b477a83d82"
  integrity sha512-2DcsyfABl+gVHEfCOaTrWgyt+tb6MSEGmKq+kI5HwLbIYgjgmMcV8KQ41uaKz1xxUcn9tJtgFbQUEVcEbd0FYw==
  dependencies:
    function-bind "^1.1.1"
    has "^1.0.3"
    has-proto "^1.0.1"
    has-symbols "^1.0.3"

has-proto@^1.0.1:
  version "1.0.1"
  resolved "https://registry.yarnpkg.com/has-proto/-/has-proto-1.0.1.tgz#1885c1305538958aff469fef37937c22795408e0"
  integrity sha512-7qE+iP+O+bgF9clE5+UoBFzE65mlBiVj3tKCrlNQ0Ogwm0BjpT/gK4SlLYDMybDh5I3TCTKnPPa0oMG7JDYrhg==

has-symbols@^1.0.3:
  version "1.0.3"
  resolved "https://registry.yarnpkg.com/has-symbols/-/has-symbols-1.0.3.tgz#bb7b2c4349251dce87b125f7bdf874aa7c8b39f8"
  integrity sha512-l3LCuF6MgDNwTDKkdYGEihYjt5pRPbEg46rtlmnSPlUbgmB8LOIrKJbYYFBSbnPaJexMKtiPO8hmeRjRz2Td+A==

has@^1.0.3:
  version "1.0.3"
  resolved "https://registry.yarnpkg.com/has/-/has-1.0.3.tgz#722d7cbfc1f6aa8241f16dd814e011e1f41e8796"
  integrity sha512-f2dvO0VU6Oej7RkWJGrehjbzMAjFp5/VKPp5tTpWIV4JHHZK1/BxbFRtf/siA2SWTe09caDmVtYYzWEIbBS4zw==
  dependencies:
    function-bind "^1.1.1"

js-yaml@^4.1.0:
  version "4.1.0"
  resolved "https://registry.yarnpkg.com/js-yaml/-/js-yaml-4.1.0.tgz#c1fb65f8f5017901cdd2c951864ba18458a10602"
  integrity sha512-wpxZs9NoxZaJESJGIZTyDEaYpl0FKSA+FB9aJiyemKhMwkxQg63h4T1KJgUGHpTqPDNRcmmYLugrRjJlBtWvRA==
  dependencies:
    argparse "^2.0.1"

object-inspect@^1.9.0:
  version "1.12.3"
  resolved "https://registry.yarnpkg.com/object-inspect/-/object-inspect-1.12.3.tgz#ba62dffd67ee256c8c086dfae69e016cd1f198b9"
  integrity sha512-geUvdk7c+eizMNUDkRpW1wJwgfOiOeHbxBR/hLXK1aT6zmVSO0jsQcs7fj6MGw89jC/cjGfLcNOrtMYtGqm81g==

qs@^6.11.1:
  version "6.11.2"
  resolved "https://registry.yarnpkg.com/qs/-/qs-6.11.2.tgz#64bea51f12c1f5da1bc01496f48ffcff7c69d7d9"
  integrity sha512-tDNIz22aBzCDxLtVH++VnTfzxlfeK5CbqohpSqpJgj1Wg/cQbStNAz3NuqCs5vV+pjBsK4x4pN9HlVh7rcYRiA==
  dependencies:
    side-channel "^1.0.4"

side-channel@^1.0.4:
  version "1.0.4"
  resolved "https://registry.yarnpkg.com/side-channel/-/side-channel-1.0.4.tgz#efce5c8fdc104ee751b25c58d4290011fa5ea2cf"
  integrity sha512-q5XPytqFEIKHkGdiMIrY10mvLRvnQh42/+GoBlFW3b2LXLE2xxJpZFdm94we0BaoV3RwJyGqg5wS7epxTv0Zvw==
  dependencies:
    call-bind "^1.0.0"
    get-intrinsic "^1.0.2"
    object-inspect "^1.9.0"

stream-chain@^2.2.5:
  version "2.2.5"
  resolved "https://registry.yarnpkg.com/stream-chain/-/stream-chain-2.2.5.tgz#b30967e8f14ee033c5b9a19bbe8a2cba90ba0d09"
  integrity sha512-1TJmBx6aSWqZ4tx7aTpBDXK0/e2hhcNSTV8+CbFJtDjbb+I1mZ8lHit0Grw9GRT+6JbIrrDd8esncgBi8aBXGA==

stream-json@^1.8.0:
  version "1.8.0"
  resolved "https://registry.yarnpkg.com/stream-json/-/stream-json-1.8.0.tgz#53f486b2e3b4496c506131f8d7260ba42def151c"
  integrity sha512-HZfXngYHUAr1exT4fxlbc1IOce1RYxp2ldeaf97LYCOPSoOqY/1Psp7iGvpb+6JIOgkra9zDYnPX01hGAHzEPw==
  dependencies:
    stream-chain "^2.2.5"
