github.com/berachain/beacon-kit/mod/chain-spec v0.0.0-20240801155659-1e73a37dd428 h1:dRJJ47/g4p5X0VgK6GgJg6C+C/3HKLXRLmDW8a8Wkmk=
github.com/berachain/beacon-kit/mod/chain-spec v0.0.0-20240801155659-1e73a37dd428/go.mod h1:6vQWl5XC1rYZa5Uon8aVGFi3zIAXfQbTW1ctiSIpS6Y=
github.com/berachain/beacon-kit/mod/primitives v0.0.0-20240726210727-594bfb4e7157 h1:2NHg24WWdkX7FgaFQsgNp3vbFRMnEIqchI6kKf6hs4I=
github.com/berachain/beacon-kit/mod/primitives v0.0.0-20240726210727-594bfb4e7157/go.mod h1:uSFWd+x3034sIGnSwxlJjhooh4zPXYX8DVc/r0TMvs4=
github.com/davecgh/go-spew v1.1.2-0.20180830191138-d8f796af33cc h1:U9qPSI2PIWSS1VwoXQT9A3Wy9MM3WgvqSxFWenqJduM=
github.com/davecgh/go-spew v1.1.2-0.20180830191138-d8f796af33cc/go.mod h1:J7Y8YcW2NihsgmVo/mv3lAwl/skON4iLHjSsI+c5H38=
github.com/pmezard/go-difflib v1.0.1-0.20181226105442-5d4384ee4fb2 h1:Jamvg5psRIccs7FGNTlIRMkT8wgtp5eCXdBlqhYGL6U=
github.com/pmezard/go-difflib v1.0.1-0.20181226105442-5d4384ee4fb2/go.mod h1:iKH77koFhYxTK1pcRnkKkqfTogsbg7gZNVY4sRDYZ/4=
github.com/stretchr/testify v1.9.0 h1:HtqpIVDClZ4nwg75+f6Lvsy/wHu+3BoSGCbBAcpTsTg=
github.com/stretchr/testify v1.9.0/go.mod h1:r2ic/lqez/lEtzL7wO/rwa5dbSLXVDPFyf8C91i36aY=
gopkg.in/yaml.v3 v3.0.1 h1:fxVm/GzAzEWqLHuvctI91KS9hhNmmWOoWu0XTYJS7CA=
gopkg.in/yaml.v3 v3.0.1/go.mod h1:K4uyk7z7BCEPqu6E+C64Yfv1cQ7kz7rIZviUmN+EgEM=
